
Microsoft Visual Studio Solution File, Format Version 12.00
# Visual Studio Version 17
VisualStudioVersion = 17.7.34031.279
MinimumVisualStudioVersion = 10.0.40219.1
Project("{8BC9CEB8-8B4A-11D0-8D11-00A0C91BC942}") = "Love Triangle", "Love Triangle\Love Triangle.vcxproj", "{AB83BA1B-F063-460F-981F-198140BF5040}"
EndProject
Global
	GlobalSection(SolutionConfigurationPlatforms) = preSolution
		Debug|x64 = Debug|x64
		Debug|x86 = Debug|x86
		Release|x64 = Release|x64
		Release|x86 = Release|x86
	EndGlobalSection
	GlobalSection(ProjectConfigurationPlatforms) = postSolution
		{AB83BA1B-F063-460F-981F-198140BF5040}.Debug|x64.ActiveCfg = Debug|x64
		{AB83BA1B-F063-460F-981F-198140BF5040}.Debug|x64.Build.0 = Debug|x64
		{AB83BA1B-F063-460F-981F-198140BF5040}.Debug|x86.ActiveCfg = Debug|Win32
		{AB83BA1B-F063-460F-981F-198140BF5040}.Debug|x86.Build.0 = Debug|Win32
		{AB83BA1B-F063-460F-981F-198140BF5040}.Release|x64.ActiveCfg = Release|x64
		{AB83BA1B-F063-460F-981F-198140BF5040}.Release|x64.Build.0 = Release|x64
		{AB83BA1B-F063-460F-981F-198140BF5040}.Release|x86.ActiveCfg = Release|Win32
		{AB83BA1B-F063-460F-981F-198140BF5040}.Release|x86.Build.0 = Release|Win32
	EndGlobalSection
	GlobalSection(SolutionProperties) = preSolution
		HideSolutionNode = FALSE
	EndGlobalSection
	GlobalSection(ExtensibilityGlobals) = postSolution
		SolutionGuid = {692F11B2-1A7C-4AE8-AC18-34A327D1C129}
	EndGlobalSection
EndGlobal
