
Microsoft Visual Studio Solution File, Format Version 12.00
# Visual Studio Version 17
VisualStudioVersion = 17.7.34031.279
MinimumVisualStudioVersion = 10.0.40219.1
Project("{8BC9CEB8-8B4A-11D0-8D11-00A0C91BC942}") = "Remove Smallest. Greedy", "Remove Smallest. Greedy\Remove Smallest. Greedy.vcxproj", "{6A43F04D-5901-4E16-92F4-8DFB52F53E2C}"
EndProject
Global
	GlobalSection(SolutionConfigurationPlatforms) = preSolution
		Debug|x64 = Debug|x64
		Debug|x86 = Debug|x86
		Release|x64 = Release|x64
		Release|x86 = Release|x86
	EndGlobalSection
	GlobalSection(ProjectConfigurationPlatforms) = postSolution
		{6A43F04D-5901-4E16-92F4-8DFB52F53E2C}.Debug|x64.ActiveCfg = Debug|x64
		{6A43F04D-5901-4E16-92F4-8DFB52F53E2C}.Debug|x64.Build.0 = Debug|x64
		{6A43F04D-5901-4E16-92F4-8DFB52F53E2C}.Debug|x86.ActiveCfg = Debug|Win32
		{6A43F04D-5901-4E16-92F4-8DFB52F53E2C}.Debug|x86.Build.0 = Debug|Win32
		{6A43F04D-5901-4E16-92F4-8DFB52F53E2C}.Release|x64.ActiveCfg = Release|x64
		{6A43F04D-5901-4E16-92F4-8DFB52F53E2C}.Release|x64.Build.0 = Release|x64
		{6A43F04D-5901-4E16-92F4-8DFB52F53E2C}.Release|x86.ActiveCfg = Release|Win32
		{6A43F04D-5901-4E16-92F4-8DFB52F53E2C}.Release|x86.Build.0 = Release|Win32
	EndGlobalSection
	GlobalSection(SolutionProperties) = preSolution
		HideSolutionNode = FALSE
	EndGlobalSection
	GlobalSection(ExtensibilityGlobals) = postSolution
		SolutionGuid = {016B55DD-12AE-4D5D-B6DD-1A82A61AD155}
	EndGlobalSection
EndGlobal
